{
  "name": "React-Form",
  "version": "1.1.4",
  "lockfileVersion": 2,
  "requires": true,
  "packages": {
    "": {
      "version": "1.1.4",
      "dependencies": {
        "matomo-form-tracker": "^1.1.6"
      }
    },
    "node_modules/@fingerprintjs/fingerprintjs": {
      "version": "3.3.3",
      "resolved": "https://registry.npmjs.org/@fingerprintjs/fingerprintjs/-/fingerprintjs-3.3.3.tgz",
      "integrity": "sha512-HH6KqZnopF3NIXypYG4f2qxoSRmGCSzp81wJMfWjSTtvsX3cAg12RFJcm+a6Az3XadcZUrXKW3p5Dv0wyCUeuA==",
      "dependencies": {
        "tslib": "^2.0.1"
      }
    },
    "node_modules/matomo-form-tracker": {
      "version": "1.1.6",
      "resolved": "https://registry.npmjs.org/matomo-form-tracker/-/matomo-form-tracker-1.1.6.tgz",
      "integrity": "sha512-E5h8adkafepawunXFvlbFMKoNHvb7YC+CI9VU7I4fQ1IpAMXFEitqSPFM4b+4rxONHRznEJUi0wB1b+QjPZ7sg==",
      "deprecated": "Package no longer supported. Contact Support at https://www.npmjs.com/support for more info.",
      "dependencies": {
        "@fingerprintjs/fingerprintjs": "^3.3.3"
      }
    },
    "node_modules/tslib": {
      "version": "2.4.0",
      "resolved": "https://registry.npmjs.org/tslib/-/tslib-2.4.0.tgz",
      "integrity": "sha512-d6xOpEDfsi2CZVlPQzGeux8XMwLT9hssAsaPYExaQMuYskwb+x1x7J371tWlbBdWHroy99KnVB6qIkUbs5X3UQ=="
    }
  },
  "dependencies": {
    "@fingerprintjs/fingerprintjs": {
      "version": "3.3.3",
      "resolved": "https://registry.npmjs.org/@fingerprintjs/fingerprintjs/-/fingerprintjs-3.3.3.tgz",
      "integrity": "sha512-HH6KqZnopF3NIXypYG4f2qxoSRmGCSzp81wJMfWjSTtvsX3cAg12RFJcm+a6Az3XadcZUrXKW3p5Dv0wyCUeuA==",
      "requires": {
        "tslib": "^2.0.1"
      }
    },
    "matomo-form-tracker": {
      "version": "1.1.6",
      "resolved": "https://registry.npmjs.org/matomo-form-tracker/-/matomo-form-tracker-1.1.6.tgz",
      "integrity": "sha512-E5h8adkafepawunXFvlbFMKoNHvb7YC+CI9VU7I4fQ1IpAMXFEitqSPFM4b+4rxONHRznEJUi0wB1b+QjPZ7sg==",
      "requires": {
        "@fingerprintjs/fingerprintjs": "^3.3.3"
      }
    },
    "tslib": {
      "version": "2.4.0",
      "resolved": "https://registry.npmjs.org/tslib/-/tslib-2.4.0.tgz",
      "integrity": "sha512-d6xOpEDfsi2CZVlPQzGeux8XMwLT9hssAsaPYExaQMuYskwb+x1x7J371tWlbBdWHroy99KnVB6qIkUbs5X3UQ=="
    }
  }
}
